{
    "_readme": [
        "This file locks the dependencies of your project to a known state",
        "Read more about it at https://getcomposer.org/doc/01-basic-usage.md#installing-dependencies",
        "This file is @generated automatically"
    ],
    "content-hash": "828076a9eae6041580c285f1257e36ee",
    "packages": [
        {
            "name": "composer/installers",
            "version": "v2.2.0",
            "source": {
                "type": "git",
                "url": "https://github.com/composer/installers.git",
                "reference": "c29dc4b93137acb82734f672c37e029dfbd95b35"
            },
            "dist": {
                "type": "zip",
                "url": "https://api.github.com/repos/composer/installers/zipball/c29dc4b93137acb82734f672c37e029dfbd95b35",
                "reference": "c29dc4b93137acb82734f672c37e029dfbd95b35",
                "shasum": ""
            },
            "require": {
                "composer-plugin-api": "^1.0 || ^2.0",
                "php": "^7.2 || ^8.0"
            },
            "require-dev": {
                "composer/composer": "1.6.* || ^2.0",
                "composer/semver": "^1 || ^3",
                "phpstan/phpstan": "^0.12.55",
                "phpstan/phpstan-phpunit": "^0.12.16",
                "symfony/phpunit-bridge": "^5.3",
                "symfony/process": "^5"
            },
            "type": "composer-plugin",
            "extra": {
                "class": "Composer\\Installers\\Plugin",
                "branch-alias": {
                    "dev-main": "2.x-dev"
                },
                "plugin-modifies-install-path": true
            },
            "autoload": {
                "psr-4": {
                    "Composer\\Installers\\": "src/Composer/Installers"
                }
            },
            "notification-url": "https://packagist.org/downloads/",
            "license": [
                "MIT"
            ],
            "authors": [
                {
                    "name": "Kyle Robinson Young",
                    "email": "kyle@dontkry.com",
                    "homepage": "https://github.com/shama"
                }
            ],
            "description": "A multi-framework Composer library installer",
            "homepage": "https://composer.github.io/installers/",
            "keywords": [
                "Dolibarr",
                "Eliasis",
                "Hurad",
                "ImageCMS",
                "Kanboard",
                "Lan Management System",
                "MODX Evo",
                "MantisBT",
                "Mautic",
                "Maya",
                "OXID",
                "Plentymarkets",
                "Porto",
                "RadPHP",
                "SMF",
                "Starbug",
                "Thelia",
                "Whmcs",
                "WolfCMS",
                "agl",
                "annotatecms",
                "attogram",
                "bitrix",
                "cakephp",
                "chef",
                "cockpit",
                "codeigniter",
                "concrete5",
                "croogo",
                "dokuwiki",
                "drupal",
                "eZ Platform",
                "elgg",
                "expressionengine",
                "fuelphp",
                "grav",
                "installer",
                "itop",
                "known",
                "kohana",
                "laravel",
                "lavalite",
                "lithium",
                "magento",
                "majima",
                "mako",
                "matomo",
                "mediawiki",
                "miaoxing",
                "modulework",
                "modx",
                "moodle",
                "osclass",
                "pantheon",
                "phpbb",
                "piwik",
                "ppi",
                "processwire",
                "puppet",
                "pxcms",
                "reindex",
                "roundcube",
                "shopware",
                "silverstripe",
                "sydes",
                "sylius",
                "tastyigniter",
                "wordpress",
                "yawik",
                "zend",
                "zikula"
            ],
            "support": {
                "issues": "https://github.com/composer/installers/issues",
                "source": "https://github.com/composer/installers/tree/v2.2.0"
            },
            "funding": [
                {
                    "url": "https://packagist.com",
                    "type": "custom"
                },
                {
                    "url": "https://github.com/composer",
                    "type": "github"
                },
                {
                    "url": "https://tidelift.com/funding/github/packagist/composer/composer",
                    "type": "tidelift"
                }
            ],
            "time": "2022-08-20T06:45:11+00:00"
        },
        {
            "name": "inpsyde/assets",
            "version": "2.8.3",
            "source": {
                "type": "git",
                "url": "https://github.com/inpsyde/assets.git",
                "reference": "f198d7d8b726132851413a6a9b4918e02c077a4b"
            },
            "dist": {
                "type": "zip",
                "url": "https://api.github.com/repos/inpsyde/assets/zipball/f198d7d8b726132851413a6a9b4918e02c077a4b",
                "reference": "f198d7d8b726132851413a6a9b4918e02c077a4b",
                "shasum": ""
            },
            "require": {
                "ext-dom": "*",
                "ext-json": "*",
                "inpsyde/wp-context": "^1.3",
                "php": ">=7.2"
            },
            "require-dev": {
                "brain/monkey": "^2.5.0",
                "inpsyde/php-coding-standards": "^1",
                "johnpbloch/wordpress-core": ">=6.0",
                "mikey179/vfsstream": "^1.6.8",
                "php-stubs/wordpress-stubs": ">=6.0@stable",
                "phpunit/phpunit": "^8.5.14 || ^9.0",
                "vimeo/psalm": "@stable"
            },
            "type": "library",
            "extra": {
                "wordpress-install-dir": "vendor/wordpress/wordpress"
            },
            "autoload": {
                "files": [
                    "inc/functions.php",
                    "inc/bootstrap.php"
                ],
                "psr-4": {
                    "Inpsyde\\Assets\\": "src/"
                }
            },
            "notification-url": "https://packagist.org/downloads/",
            "license": [
                "GPL-2.0-or-later"
            ],
            "authors": [
                {
                    "name": "Inpsyde",
                    "email": "hello@inpsyde.com",
                    "homepage": "https://inpsyde.com",
                    "role": "Company"
                },
                {
                    "name": "Christian Leucht",
                    "email": "c.leucht@inpsyde.com",
                    "homepage": "https://www.chrico.info",
                    "role": "Developer"
                }
            ],
            "description": "Package to manage assets in WordPress.",
            "support": {
                "issues": "https://github.com/inpsyde/assets/issues",
                "source": "https://github.com/inpsyde/assets/tree/2.8.3"
            },
            "time": "2022-12-16T13:23:02+00:00"
        },
        {
            "name": "inpsyde/modularity",
            "version": "1.7.2",
            "source": {
                "type": "git",
                "url": "https://github.com/inpsyde/modularity.git",
                "reference": "43f4b3a7c8fbb585a44fb7a619e2546b338a8934"
            },
            "dist": {
                "type": "zip",
                "url": "https://api.github.com/repos/inpsyde/modularity/zipball/43f4b3a7c8fbb585a44fb7a619e2546b338a8934",
                "reference": "43f4b3a7c8fbb585a44fb7a619e2546b338a8934",
                "shasum": ""
            },
            "require": {
                "ext-json": "*",
                "php": ">=7.2",
                "psr/container": "^1.1.0 || ^2"
            },
            "require-dev": {
                "brain/monkey": "^2.6.1",
                "inpsyde/php-coding-standards": "^1",
                "johnpbloch/wordpress-core": ">=5.8",
                "mikey179/vfsstream": "^v1.6.10",
                "php-stubs/wordpress-stubs": ">=5.8@stable",
                "phpunit/phpunit": "^8.5.21 || ^9.6.7",
                "vimeo/psalm": "^4.13.1"
            },
            "type": "library",
            "extra": {
                "branch-alias": {
                    "dev-master": "1.x-dev"
                }
            },
            "autoload": {
                "psr-4": {
                    "Inpsyde\\Modularity\\": "src/"
                }
            },
            "notification-url": "https://packagist.org/downloads/",
            "license": [
                "GPL-2.0-or-later"
            ],
            "authors": [
                {
                    "name": "Inpsyde GmbH",
                    "email": "hello@inpsyde.com",
                    "homepage": "https://inpsyde.com/",
                    "role": "Company"
                },
                {
                    "name": "Christian Leucht",
                    "email": "c.leucht@inpsyde.com",
                    "role": "Developer"
                },
                {
                    "name": "Giuseppe Mazzapica",
                    "email": "g.mazzapica@inpsyde.com",
                    "role": "Developer"
                }
            ],
            "description": "Modular PSR-11 implementation for WordPress plugins, themes or libraries.",
            "support": {
                "issues": "https://github.com/inpsyde/modularity/issues",
                "source": "https://github.com/inpsyde/modularity/tree/1.7.2"
            },
            "time": "2023-11-16T11:19:47+00:00"
        },
        {
            "name": "inpsyde/wp-context",
            "version": "1.5.0",
            "source": {
                "type": "git",
                "url": "https://github.com/inpsyde/wp-context.git",
                "reference": "1f61ccb539e287e2688dfdf86dea0448c18fc8c6"
            },
            "dist": {
                "type": "zip",
                "url": "https://api.github.com/repos/inpsyde/wp-context/zipball/1f61ccb539e287e2688dfdf86dea0448c18fc8c6",
                "reference": "1f61ccb539e287e2688dfdf86dea0448c18fc8c6",
                "shasum": ""
            },
            "require": {
                "php": ">=7.1"
            },
            "require-dev": {
                "brain/monkey": "^2.6.1",
                "inpsyde/php-coding-standards": "^1",
                "inpsyde/wp-stubs": "dev-main",
                "mockery/mockery": "~1.3.6",
                "phpunit/phpunit": "~7.5.20 || ^8",
                "vimeo/psalm": "^4.27.0"
            },
            "type": "library",
            "extra": {
                "branch-alias": {
                    "dev-main": "1.x-dev"
                }
            },
            "autoload": {
                "psr-4": {
                    "Inpsyde\\": "src/"
                }
            },
            "notification-url": "https://packagist.org/downloads/",
            "license": [
                "gpl-2.0-or-later"
            ],
            "authors": [
                {
                    "name": "Inpsyde GmbH",
                    "email": "hello@inpsyde.com",
                    "homepage": "https://inpsyde.com/",
                    "role": "Company"
                },
                {
                    "name": "Giuseppe Mazzapica",
                    "email": "g.mazzapica@inpsyde.com",
                    "role": "Developer"
                }
            ],
            "description": "A single-class utility to check the running context in WordPress sites.",
            "support": {
                "issues": "https://github.com/inpsyde/wp-context/issues",
                "source": "https://github.com/inpsyde/wp-context/tree/1.5.0"
            },
            "time": "2023-01-09T06:27:09+00:00"
        },
        {
            "name": "netzberufler/interactive-accordion-block",
            "version": "dev-main",
            "source": {
                "type": "git",
                "url": "https://github.com/Netzberufler/interactive-accordion-block.git",
                "reference": "d5db98a78daf525018d8c1c5bd218948d625a8de"
            },
            "dist": {
                "type": "zip",
                "url": "https://api.github.com/repos/Netzberufler/interactive-accordion-block/zipball/d5db98a78daf525018d8c1c5bd218948d625a8de",
                "reference": "d5db98a78daf525018d8c1c5bd218948d625a8de",
                "shasum": ""
            },
            "require": {
                "inpsyde/assets": "^2.8",
                "inpsyde/modularity": "@stable",
                "php": ">=8.0"
            },
            "require-dev": {
                "inpsyde/php-coding-standards": "@stable",
                "inpsyde/wp-stubs": "dev-main",
                "johnpbloch/wordpress-core": "^6.4",
                "phpunit/phpunit": "^9.6",
                "vimeo/psalm": "^5.18"
            },
            "default-branch": true,
            "type": "wordpress-plugin",
            "autoload": {
                "psr-4": {
                    "Interactive\\AccordionBlock\\": "src/"
                }
            },
            "notification-url": "https://packagist.org/downloads/",
            "license": [
                "GPL-2.0-or-later"
            ],
            "authors": [
                {
                    "name": "Inpsyde GmbH",
                    "email": "hello@inpsyde.com",
                    "homepage": "https://inpsyde.com/",
                    "role": "Company"
                }
            ],
            "description": "Accordion Block created with Interactivity API",
            "support": {
                "issues": "https://github.com/Netzberufler/interactive-accordion-block/issues",
                "source": "https://github.com/Netzberufler/interactive-accordion-block/tree/main"
            },
            "time": "2023-12-21T10:58:54+00:00"
        },
        {
            "name": "psr/container",
            "version": "2.0.2",
            "source": {
                "type": "git",
                "url": "https://github.com/php-fig/container.git",
                "reference": "c71ecc56dfe541dbd90c5360474fbc405f8d5963"
            },
            "dist": {
                "type": "zip",
                "url": "https://api.github.com/repos/php-fig/container/zipball/c71ecc56dfe541dbd90c5360474fbc405f8d5963",
                "reference": "c71ecc56dfe541dbd90c5360474fbc405f8d5963",
                "shasum": ""
            },
            "require": {
                "php": ">=7.4.0"
            },
            "type": "library",
            "extra": {
                "branch-alias": {
                    "dev-master": "2.0.x-dev"
                }
            },
            "autoload": {
                "psr-4": {
                    "Psr\\Container\\": "src/"
                }
            },
            "notification-url": "https://packagist.org/downloads/",
            "license": [
                "MIT"
            ],
            "authors": [
                {
                    "name": "PHP-FIG",
                    "homepage": "https://www.php-fig.org/"
                }
            ],
            "description": "Common Container Interface (PHP FIG PSR-11)",
            "homepage": "https://github.com/php-fig/container",
            "keywords": [
                "PSR-11",
                "container",
                "container-interface",
                "container-interop",
                "psr"
            ],
            "support": {
                "issues": "https://github.com/php-fig/container/issues",
                "source": "https://github.com/php-fig/container/tree/2.0.2"
            },
            "time": "2021-11-05T16:47:00+00:00"
        },
        {
            "name": "roots/wordpress",
            "version": "6.4.2",
            "source": {
                "type": "git",
                "url": "https://github.com/roots/wordpress.git",
                "reference": "41ff6e23ccbc3a1691406d69fe8c211a225514e2"
            },
            "dist": {
                "type": "zip",
                "url": "https://api.github.com/repos/roots/wordpress/zipball/41ff6e23ccbc3a1691406d69fe8c211a225514e2",
                "reference": "41ff6e23ccbc3a1691406d69fe8c211a225514e2",
                "shasum": ""
            },
            "require": {
                "roots/wordpress-core-installer": "^1.0.0",
                "roots/wordpress-no-content": "self.version"
            },
            "type": "metapackage",
            "notification-url": "https://packagist.org/downloads/",
            "license": [
                "MIT",
                "GPL-2.0-or-later"
            ],
            "description": "WordPress is open source software you can use to create a beautiful website, blog, or app.",
            "homepage": "https://wordpress.org/",
            "keywords": [
                "blog",
                "cms",
                "wordpress"
            ],
            "support": {
                "issues": "https://github.com/roots/wordpress/issues",
                "source": "https://github.com/roots/wordpress/tree/6.4.2"
            },
            "funding": [
                {
                    "url": "https://github.com/roots",
                    "type": "github"
                }
            ],
            "time": "2022-06-01T16:54:37+00:00"
        },
        {
            "name": "roots/wordpress-core-installer",
            "version": "1.100.0",
            "source": {
                "type": "git",
                "url": "https://github.com/roots/wordpress-core-installer.git",
                "reference": "73f8488e5178c5d54234b919f823a9095e2b1847"
            },
            "dist": {
                "type": "zip",
                "url": "https://api.github.com/repos/roots/wordpress-core-installer/zipball/73f8488e5178c5d54234b919f823a9095e2b1847",
                "reference": "73f8488e5178c5d54234b919f823a9095e2b1847",
                "shasum": ""
            },
            "require": {
                "composer-plugin-api": "^1.0 || ^2.0",
                "php": ">=5.6.0"
            },
            "conflict": {
                "composer/installers": "<1.0.6"
            },
            "replace": {
                "johnpbloch/wordpress-core-installer": "*"
            },
            "require-dev": {
                "composer/composer": "^1.0 || ^2.0",
                "phpunit/phpunit": ">=5.7.27"
            },
            "type": "composer-plugin",
            "extra": {
                "class": "Roots\\Composer\\WordPressCorePlugin"
            },
            "autoload": {
                "psr-4": {
                    "Roots\\Composer\\": "src/"
                }
            },
            "notification-url": "https://packagist.org/downloads/",
            "license": [
                "GPL-2.0-or-later"
            ],
            "authors": [
                {
                    "name": "John P. Bloch",
                    "email": "me@johnpbloch.com"
                },
                {
                    "name": "Roots",
                    "email": "team@roots.io"
                }
            ],
            "description": "A custom installer to handle deploying WordPress with composer",
            "keywords": [
                "wordpress"
            ],
            "support": {
                "issues": "https://github.com/roots/wordpress-core-installer/issues",
                "source": "https://github.com/roots/wordpress-core-installer/tree/master"
            },
            "funding": [
                {
                    "url": "https://github.com/roots",
                    "type": "github"
                },
                {
                    "url": "https://www.patreon.com/rootsdev",
                    "type": "patreon"
                }
            ],
            "time": "2020-08-20T00:27:30+00:00"
        },
        {
            "name": "roots/wordpress-no-content",
            "version": "6.4.2",
            "source": {
                "type": "git",
                "url": "https://github.com/WordPress/WordPress.git",
                "reference": "6.4.2"
            },
            "dist": {
                "type": "zip",
                "url": "https://downloads.wordpress.org/release/wordpress-6.4.2-no-content.zip",
                "shasum": "77d5fc8e5535fc2c63c1c6ae0c4763aad10ac8e7"
            },
            "require": {
                "php": ">= 7.0.0"
            },
            "provide": {
                "wordpress/core-implementation": "6.4.2"
            },
            "suggest": {
                "ext-curl": "Performs remote request operations.",
                "ext-dom": "Used to validate Text Widget content and to automatically configuring IIS7+.",
                "ext-exif": "Works with metadata stored in images.",
                "ext-fileinfo": "Used to detect mimetype of file uploads.",
                "ext-hash": "Used for hashing, including passwords and update packages.",
                "ext-imagick": "Provides better image quality for media uploads.",
                "ext-json": "Used for communications with other servers.",
                "ext-libsodium": "Validates Signatures and provides securely random bytes.",
                "ext-mbstring": "Used to properly handle UTF8 text.",
                "ext-mysqli": "Connects to MySQL for database interactions.",
                "ext-openssl": "Permits SSL-based connections to other hosts.",
                "ext-pcre": "Increases performance of pattern matching in code searches.",
                "ext-xml": "Used for XML parsing, such as from a third-party site.",
                "ext-zip": "Used for decompressing Plugins, Themes, and WordPress update packages."
            },
            "type": "wordpress-core",
            "notification-url": "https://packagist.org/downloads/",
            "license": [
                "GPL-2.0-or-later"
            ],
            "authors": [
                {
                    "name": "WordPress Community",
                    "homepage": "https://wordpress.org/about/"
                }
            ],
            "description": "WordPress is open source software you can use to create a beautiful website, blog, or app.",
            "homepage": "https://wordpress.org/",
            "keywords": [
                "blog",
                "cms",
                "wordpress"
            ],
            "support": {
                "docs": "https://developer.wordpress.org/",
                "forum": "https://wordpress.org/support/",
                "irc": "irc://irc.freenode.net/wordpress",
                "issues": "https://core.trac.wordpress.org/",
                "rss": "https://wordpress.org/news/feed/",
                "source": "https://core.trac.wordpress.org/browser",
                "wiki": "https://codex.wordpress.org/"
            },
            "funding": [
                {
                    "url": "https://wordpressfoundation.org/donate/",
                    "type": "other"
                }
            ],
            "time": "2023-12-06T16:27:40+00:00"
        },
        {
            "name": "symfony/deprecation-contracts",
            "version": "v3.0.2",
            "source": {
                "type": "git",
                "url": "https://github.com/symfony/deprecation-contracts.git",
                "reference": "26954b3d62a6c5fd0ea8a2a00c0353a14978d05c"
            },
            "dist": {
                "type": "zip",
                "url": "https://api.github.com/repos/symfony/deprecation-contracts/zipball/26954b3d62a6c5fd0ea8a2a00c0353a14978d05c",
                "reference": "26954b3d62a6c5fd0ea8a2a00c0353a14978d05c",
                "shasum": ""
            },
            "require": {
                "php": ">=8.0.2"
            },
            "type": "library",
            "extra": {
                "branch-alias": {
                    "dev-main": "3.0-dev"
                },
                "thanks": {
                    "name": "symfony/contracts",
                    "url": "https://github.com/symfony/contracts"
                }
            },
            "autoload": {
                "files": [
                    "function.php"
                ]
            },
            "notification-url": "https://packagist.org/downloads/",
            "license": [
                "MIT"
            ],
            "authors": [
                {
                    "name": "Nicolas Grekas",
                    "email": "p@tchwork.com"
                },
                {
                    "name": "Symfony Community",
                    "homepage": "https://symfony.com/contributors"
                }
            ],
            "description": "A generic function and convention to trigger deprecation notices",
            "homepage": "https://symfony.com",
            "support": {
                "source": "https://github.com/symfony/deprecation-contracts/tree/v3.0.2"
            },
            "funding": [
                {
                    "url": "https://symfony.com/sponsor",
                    "type": "custom"
                },
                {
                    "url": "https://github.com/fabpot",
                    "type": "github"
                },
                {
                    "url": "https://tidelift.com/funding/github/packagist/symfony/symfony",
                    "type": "tidelift"
                }
            ],
            "time": "2022-01-02T09:55:41+00:00"
        },
        {
            "name": "symfony/dotenv",
            "version": "v5.4.30",
            "source": {
                "type": "git",
                "url": "https://github.com/symfony/dotenv.git",
                "reference": "ceed2cd28442adcf3679a9a82dacd45baeefc458"
            },
            "dist": {
                "type": "zip",
                "url": "https://api.github.com/repos/symfony/dotenv/zipball/ceed2cd28442adcf3679a9a82dacd45baeefc458",
                "reference": "ceed2cd28442adcf3679a9a82dacd45baeefc458",
                "shasum": ""
            },
            "require": {
                "php": ">=7.2.5",
                "symfony/deprecation-contracts": "^2.1|^3"
            },
            "require-dev": {
                "symfony/console": "^4.4|^5.0|^6.0",
                "symfony/process": "^4.4|^5.0|^6.0"
            },
            "type": "library",
            "autoload": {
                "psr-4": {
                    "Symfony\\Component\\Dotenv\\": ""
                },
                "exclude-from-classmap": [
                    "/Tests/"
                ]
            },
            "notification-url": "https://packagist.org/downloads/",
            "license": [
                "MIT"
            ],
            "authors": [
                {
                    "name": "Fabien Potencier",
                    "email": "fabien@symfony.com"
                },
                {
                    "name": "Symfony Community",
                    "homepage": "https://symfony.com/contributors"
                }
            ],
            "description": "Registers environment variables from a .env file",
            "homepage": "https://symfony.com",
            "keywords": [
                "dotenv",
                "env",
                "environment"
            ],
            "support": {
                "source": "https://github.com/symfony/dotenv/tree/v5.4.30"
            },
            "funding": [
                {
                    "url": "https://symfony.com/sponsor",
                    "type": "custom"
                },
                {
                    "url": "https://github.com/fabpot",
                    "type": "github"
                },
                {
                    "url": "https://tidelift.com/funding/github/packagist/symfony/symfony",
                    "type": "tidelift"
                }
            ],
            "time": "2023-10-26T16:37:39+00:00"
        },
        {
            "name": "wecodemore/wpstarter",
            "version": "3.0.0-beta.13",
            "source": {
                "type": "git",
                "url": "https://github.com/wecodemore/wpstarter.git",
                "reference": "2c1ca15582661cc5b0b04bd108d3d5b7e3f092a3"
            },
            "dist": {
                "type": "zip",
                "url": "https://api.github.com/repos/wecodemore/wpstarter/zipball/2c1ca15582661cc5b0b04bd108d3d5b7e3f092a3",
                "reference": "2c1ca15582661cc5b0b04bd108d3d5b7e3f092a3",
                "shasum": ""
            },
            "require": {
                "composer-plugin-api": "^1.10 || ^2",
                "composer/installers": "^1.12.0 || ^2",
                "ext-curl": "*",
                "ext-dom": "*",
                "ext-filter": "*",
                "ext-hash": "*",
                "ext-json": "*",
                "ext-mbstring": "*",
                "ext-mysqli": "*",
                "ext-spl": "*",
                "php": ">=7.1 < 8.3",
                "symfony/dotenv": "^3.4 || ^5"
            },
            "require-dev": {
                "composer/composer": "^2.5.4",
                "composer/package-versions-deprecated": "^1.11.99",
                "inpsyde/php-coding-standards": "^1.0.0",
                "mikey179/vfsstream": "^1.6.11",
                "mockery/mockery": "^1.3.6",
                "phpunit/phpunit": "^7.5.20 || ^9.6.3",
                "roave/security-advisories": "dev-latest",
                "symfony/process": "^3.4.47 || ^5.4.19",
                "vimeo/psalm": "^4.30.0",
                "wp-cli/wp-cli": "^2.7.1"
            },
            "type": "composer-plugin",
            "extra": {
                "class": "WeCodeMore\\WpStarter\\ComposerPlugin",
                "branch-alias": {
                    "dev-master": "2.x-dev",
                    "dev-dev": "3.x-dev",
                    "dev-version-2": "2.x-dev",
                    "dev-version-3": "3.x-dev"
                }
            },
            "autoload": {
                "classmap": [
                    "src/WpStarterCommand.php",
                    "src/ComposerPlugin.php",
                    "src/Env/"
                ]
            },
            "notification-url": "https://packagist.org/downloads/",
            "license": [
                "MIT"
            ],
            "authors": [
                {
                    "name": "Giuseppe Mazzapica",
                    "email": "giuseppe.mazzapica@gmail.com",
                    "homepage": "https://gmazzap.me",
                    "role": "Developer"
                }
            ],
            "description": "Composer plugin to easily build WordPress websites entirely managed via Composer.",
            "keywords": [
                "composer",
                "composer plugin",
                "config",
                "env",
                "wordpress",
                "wp",
                "wp-config"
            ],
            "support": {
                "issues": "https://github.com/wecodemore/wpstarter/issues",
                "source": "https://github.com/wecodemore/wpstarter"
            },
            "time": "2023-03-01T16:51:27+00:00"
        },
        {
            "name": "wpackagist-theme/twentytwentythree",
            "version": "1.3",
            "source": {
                "type": "svn",
                "url": "https://themes.svn.wordpress.org/twentytwentythree/",
                "reference": "1.3"
            },
            "dist": {
                "type": "zip",
                "url": "https://downloads.wordpress.org/theme/twentytwentythree.1.3.zip"
            },
            "require": {
                "composer/installers": "^1.0 || ^2.0"
            },
            "type": "wordpress-theme",
            "homepage": "https://wordpress.org/themes/twentytwentythree/"
        }
    ],
    "packages-dev": [],
    "aliases": [],
    "minimum-stability": "dev",
    "stability-flags": {
        "netzberufler/interactive-accordion-block": 20
    },
    "prefer-stable": true,
    "prefer-lowest": false,
    "platform": {
        "php": ">=8.0"
    },
    "platform-dev": [],
    "plugin-api-version": "2.6.0"
}
